// !$*UTF8*$!
{
	archiveVersion = 1;
	classes = {
	};
	objectVersion = 77;
	objects = {

/* Begin PBXContainerItemProxy section */
		24731BE82CA5A0E6009C494B /* PBXContainerItemProxy */ = {
			isa = PBXContainerItemProxy;
			containerPortal = 24731BC92CA5A0E2009C494B /* Project object */;
			proxyType = 1;
			remoteGlobalIDString = 24731BD02CA5A0E2009C494B;
			remoteInfo = "first-lesson";
		};
		24731BF22CA5A0E6009C494B /* PBXContainerItemProxy */ = {
			isa = PBXContainerItemProxy;
			containerPortal = 24731BC92CA5A0E2009C494B /* Project object */;
			proxyType = 1;
			remoteGlobalIDString = 24731BD02CA5A0E2009C494B;
			remoteInfo = "first-lesson";
		};
/* End PBXContainerItemProxy section */

/* Begin PBXFileReference section */
		24731BD12CA5A0E2009C494B /* first-lesson.app */ = {isa = PBXFileReference; explicitFileType = wrapper.application; includeInIndex = 0; path = "first-lesson.app"; sourceTree = BUILT_PRODUCTS_DIR; };
		24731BE72CA5A0E6009C494B /* first-lessonTests.xctest */ = {isa = PBXFileReference; explicitFileType = wrapper.cfbundle; includeInIndex = 0; path = "first-lessonTests.xctest"; sourceTree = BUILT_PRODUCTS_DIR; };
		24731BF12CA5A0E6009C494B /* first-lessonUITests.xctest */ = {isa = PBXFileReference; explicitFileType = wrapper.cfbundle; includeInIndex = 0; path = "first-lessonUITests.xctest"; sourceTree = BUILT_PRODUCTS_DIR; };
/* End PBXFileReference section */

/* Begin PBXFileSystemSynchronizedBuildFileExceptionSet section */
		24731BF92CA5A0E6009C494B /* Exceptions for "first-lesson" folder in "first-lesson" target */ = {
			isa = PBXFileSystemSynchronizedBuildFileExceptionSet;
			membershipExceptions = (
				Info.plist,
			);
			target = 24731BD02CA5A0E2009C494B /* first-lesson */;
		};
/* End PBXFileSystemSynchronizedBuildFileExceptionSet section */

/* Begin PBXFileSystemSynchronizedRootGroup section */
		24731BD32CA5A0E2009C494B /* first-lesson */ = {
			isa = PBXFileSystemSynchronizedRootGroup;
			exceptions = (
				24731BF92CA5A0E6009C494B /* Exceptions for "first-lesson" folder in "first-lesson" target */,
			);
			path = "first-lesson";
			sourceTree = "<group>";
		};
		24731BEA2CA5A0E6009C494B /* first-lessonTests */ = {
			isa = PBXFileSystemSynchronizedRootGroup;
			path = "first-lessonTests";
			sourceTree = "<group>";
		};
		24731BF42CA5A0E6009C494B /* first-lessonUITests */ = {
			isa = PBXFileSystemSynchronizedRootGroup;
			path = "first-lessonUITests";
			sourceTree = "<group>";
		};
/* End PBXFileSystemSynchronizedRootGroup section */

/* Begin PBXFrameworksBuildPhase section */
		24731BCE2CA5A0E2009C494B /* Frameworks */ = {
			isa = PBXFrameworksBuildPhase;
			buildActionMask = 2147483647;
			files = (
			);
			runOnlyForDeploymentPostprocessing = 0;
		};
		24731BE42CA5A0E6009C494B /* Frameworks */ = {
			isa = PBXFrameworksBuildPhase;
			buildActionMask = 2147483647;
			files = (
			);
			runOnlyForDeploymentPostprocessing = 0;
		};
		24731BEE2CA5A0E6009C494B /* Frameworks */ = {
			isa = PBXFrameworksBuildPhase;
			buildActionMask = 2147483647;
			files = (
			);
			runOnlyForDeploymentPostprocessing = 0;
		};
/* End PBXFrameworksBuildPhase section */

/* Begin PBXGroup section */
		24731BC82CA5A0E2009C494B = {
			isa = PBXGroup;
			children = (
				24731BD32CA5A0E2009C494B /* first-lesson */,
				24731BEA2CA5A0E6009C494B /* first-lessonTests */,
				24731BF42CA5A0E6009C494B /* first-lessonUITests */,
				24731BD22CA5A0E2009C494B /* Products */,
			);
			sourceTree = "<group>";
		};
		24731BD22CA5A0E2009C494B /* Products */ = {
			isa = PBXGroup;
			children = (
				24731BD12CA5A0E2009C494B /* first-lesson.app */,
				24731BE72CA5A0E6009C494B /* first-lessonTests.xctest */,
				24731BF12CA5A0E6009C494B /* first-lessonUITests.xctest */,
			);
			name = Products;
			sourceTree = "<group>";
		};
/* End PBXGroup section */

/* Begin PBXNativeTarget section */
		24731BD02CA5A0E2009C494B /* first-lesson */ = {
			isa = PBXNativeTarget;
			buildConfigurationList = 24731BFA2CA5A0E6009C494B /* Build configuration list for PBXNativeTarget "first-lesson" */;
			buildPhases = (
				24731BCD2CA5A0E2009C494B /* Sources */,
				24731BCE2CA5A0E2009C494B /* Frameworks */,
				24731BCF2CA5A0E2009C494B /* Resources */,
			);
			buildRules = (
			);
			dependencies = (
			);
			fileSystemSynchronizedGroups = (
				24731BD32CA5A0E2009C494B /* first-lesson */,
			);
			name = "first-lesson";
			packageProductDependencies = (
			);
			productName = "first-lesson";
			productReference = 24731BD12CA5A0E2009C494B /* first-lesson.app */;
			productType = "com.apple.product-type.application";
		};
		24731BE62CA5A0E6009C494B /* first-lessonTests */ = {
			isa = PBXNativeTarget;
			buildConfigurationList = 24731BFF2CA5A0E6009C494B /* Build configuration list for PBXNativeTarget "first-lessonTests" */;
			buildPhases = (
				24731BE32CA5A0E6009C494B /* Sources */,
				24731BE42CA5A0E6009C494B /* Frameworks */,
				24731BE52CA5A0E6009C494B /* Resources */,
			);
			buildRules = (
			);
			dependencies = (
				24731BE92CA5A0E6009C494B /* PBXTargetDependency */,
			);
			fileSystemSynchronizedGroups = (
				24731BEA2CA5A0E6009C494B /* first-lessonTests */,
			);
			name = "first-lessonTests";
			packageProductDependencies = (
			);
			productName = "first-lessonTests";
			productReference = 24731BE72CA5A0E6009C494B /* first-lessonTests.xctest */;
			productType = "com.apple.product-type.bundle.unit-test";
		};
		24731BF02CA5A0E6009C494B /* first-lessonUITests */ = {
			isa = PBXNativeTarget;
			buildConfigurationList = 24731C022CA5A0E6009C494B /* Build configuration list for PBXNativeTarget "first-lessonUITests" */;
			buildPhases = (
				24731BED2CA5A0E6009C494B /* Sources */,
				24731BEE2CA5A0E6009C494B /* Frameworks */,
				24731BEF2CA5A0E6009C494B /* Resources */,
			);
			buildRules = (
			);
			dependencies = (
				24731BF32CA5A0E6009C494B /* PBXTargetDependency */,
			);
			fileSystemSynchronizedGroups = (
				24731BF42CA5A0E6009C494B /* first-lessonUITests */,
			);
			name = "first-lessonUITests";
			packageProductDependencies = (
			);
			productName = "first-lessonUITests";
			productReference = 24731BF12CA5A0E6009C494B /* first-lessonUITests.xctest */;
			productType = "com.apple.product-type.bundle.ui-testing";
		};
/* End PBXNativeTarget section */

/* Begin PBXProject section */
		24731BC92CA5A0E2009C494B /* Project object */ = {
			isa = PBXProject;
			attributes = {
				BuildIndependentTargetsInParallel = 1;
				LastSwiftUpdateCheck = 1600;
				LastUpgradeCheck = 1600;
				TargetAttributes = {
					24731BD02CA5A0E2009C494B = {
						CreatedOnToolsVersion = 16.0;
					};
					24731BE62CA5A0E6009C494B = {
						CreatedOnToolsVersion = 16.0;
						TestTargetID = 24731BD02CA5A0E2009C494B;
					};
					24731BF02CA5A0E6009C494B = {
						CreatedOnToolsVersion = 16.0;
						TestTargetID = 24731BD02CA5A0E2009C494B;
					};
				};
			};
			buildConfigurationList = 24731BCC2CA5A0E2009C494B /* Build configuration list for PBXProject "first-lesson" */;
			developmentRegion = en;
			hasScannedForEncodings = 0;
			knownRegions = (
				en,
				Base,
			);
			mainGroup = 24731BC82CA5A0E2009C494B;
			minimizedProjectReferenceProxies = 1;
			preferredProjectObjectVersion = 77;
			productRefGroup = 24731BD22CA5A0E2009C494B /* Products */;
			projectDirPath = "";
			projectRoot = "";
			targets = (
				24731BD02CA5A0E2009C494B /* first-lesson */,
				24731BE62CA5A0E6009C494B /* first-lessonTests */,
				24731BF02CA5A0E6009C494B /* first-lessonUITests */,
			);
		};
/* End PBXProject section */

/* Begin PBXResourcesBuildPhase section */
		24731BCF2CA5A0E2009C494B /* Resources */ = {
			isa = PBXResourcesBuildPhase;
			buildActionMask = 2147483647;
			files = (
			);
			runOnlyForDeploymentPostprocessing = 0;
		};
		24731BE52CA5A0E6009C494B /* Resources */ = {
			isa = PBXResourcesBuildPhase;
			buildActionMask = 2147483647;
			files = (
			);
			runOnlyForDeploymentPostprocessing = 0;
		};
		24731BEF2CA5A0E6009C494B /* Resources */ = {
			isa = PBXResourcesBuildPhase;
			buildActionMask = 2147483647;
			files = (
			);
			runOnlyForDeploymentPostprocessing = 0;
		};
/* End PBXResourcesBuildPhase section */

/* Begin PBXSourcesBuildPhase section */
		24731BCD2CA5A0E2009C494B /* Sources */ = {
			isa = PBXSourcesBuildPhase;
			buildActionMask = 2147483647;
			files = (
			);
			runOnlyForDeploymentPostprocessing = 0;
		};
		24731BE32CA5A0E6009C494B /* Sources */ = {
			isa = PBXSourcesBuildPhase;
			buildActionMask = 2147483647;
			files = (
			);
			runOnlyForDeploymentPostprocessing = 0;
		};
		24731BED2CA5A0E6009C494B /* Sources */ = {
			isa = PBXSourcesBuildPhase;
			buildActionMask = 2147483647;
			files = (
			);
			runOnlyForDeploymentPostprocessing = 0;
		};
/* End PBXSourcesBuildPhase section */

/* Begin PBXTargetDependency section */
		24731BE92CA5A0E6009C494B /* PBXTargetDependency */ = {
			isa = PBXTargetDependency;
			target = 24731BD02CA5A0E2009C494B /* first-lesson */;
			targetProxy = 24731BE82CA5A0E6009C494B /* PBXContainerItemProxy */;
		};
		24731BF32CA5A0E6009C494B /* PBXTargetDependency */ = {
			isa = PBXTargetDependency;
			target = 24731BD02CA5A0E2009C494B /* first-lesson */;
			targetProxy = 24731BF22CA5A0E6009C494B /* PBXContainerItemProxy */;
		};
/* End PBXTargetDependency section */

/* Begin XCBuildConfiguration section */
		24731BFB2CA5A0E6009C494B /* Debug */ = {
			isa = XCBuildConfiguration;
			buildSettings = {
				ASSETCATALOG_COMPILER_APPICON_NAME = AppIcon;
				ASSETCATALOG_COMPILER_GLOBAL_ACCENT_COLOR_NAME = AccentColor;
				CODE_SIGN_STYLE = Automatic;
				CURRENT_PROJECT_VERSION = 1;
				GENERATE_INFOPLIST_FILE = YES;
				INFOPLIST_FILE = "first-lesson/Info.plist";
				INFOPLIST_KEY_UIApplicationSupportsIndirectInputEvents = YES;
				INFOPLIST_KEY_UILaunchStoryboardName = LaunchScreen;
				INFOPLIST_KEY_UIMainStoryboardFile = Main;
				INFOPLIST_KEY_UISupportedInterfaceOrientations_iPad = "UIInterfaceOrientationPortrait UIInterfaceOrientationPortraitUpsideDown UIInterfaceOrientationLandscapeLeft UIInterfaceOrientationLandscapeRight";
				INFOPLIST_KEY_UISupportedInterfaceOrientations_iPhone = "UIInterfaceOrientationPortrait UIInterfaceOrientationLandscapeLeft UIInterfaceOrientationLandscapeRight";
				LD_RUNPATH_SEARCH_PATHS = (
					"$(inherited)",
					"@executable_path/Frameworks",
				);
				MARKETING_VERSION = 1.0;
				PRODUCT_BUNDLE_IDENTIFIER = "home.first-lesson";
				PRODUCT_NAME = "$(TARGET_NAME)";
				SWIFT_EMIT_LOC_STRINGS = YES;
				SWIFT_VERSION = 5.0;
				TARGETED_DEVICE_FAMILY = "1,2";
			};
			name = Debug;
		};
		24731BFC2CA5A0E6009C494B /* Release */ = {
			isa = XCBuildConfiguration;
			buildSettings = {
				ASSETCATALOG_COMPILER_APPICON_NAME = AppIcon;
				ASSETCATALOG_COMPILER_GLOBAL_ACCENT_COLOR_NAME = AccentColor;
				CODE_SIGN_STYLE = Automatic;
				CURRENT_PROJECT_VERSION = 1;
				GENERATE_INFOPLIST_FILE = YES;
				INFOPLIST_FILE = "first-lesson/Info.plist";
				INFOPLIST_KEY_UIApplicationSupportsIndirectInputEvents = YES;
				INFOPLIST_KEY_UILaunchStoryboardName = LaunchScreen;
				INFOPLIST_KEY_UIMainStoryboardFile = Main;
				INFOPLIST_KEY_UISupportedInterfaceOrientations_iPad = "UIInterfaceOrientationPortrait UIInterfaceOrientationPortraitUpsideDown UIInterfaceOrientationLandscapeLeft UIInterfaceOrientationLandscapeRight";
				INFOPLIST_KEY_UISupportedInterfaceOrientations_iPhone = "UIInterfaceOrientationPortrait UIInterfaceOrientationLandscapeLeft UIInterfaceOrientationLandscapeRight";
				LD_RUNPATH_SEARCH_PATHS = (
					"$(inherited)",
					"@executable_path/Frameworks",
				);
				MARKETING_VERSION = 1.0;
				PRODUCT_BUNDLE_IDENTIFIER = "home.first-lesson";
				PRODUCT_NAME = "$(TARGET_NAME)";
				SWIFT_EMIT_LOC_STRINGS = YES;
				SWIFT_VERSION = 5.0;
				TARGETED_DEVICE_FAMILY = "1,2";
			};
			name = Release;
		};
		24731BFD2CA5A0E6009C494B /* Debug */ = {
			isa = XCBuildConfiguration;
			buildSettings = {
				ALWAYS_SEARCH_USER_PATHS = NO;
				ASSETCATALOG_COMPILER_GENERATE_SWIFT_ASSET_SYMBOL_EXTENSIONS = YES;
				CLANG_ANALYZER_NONNULL = YES;
				CLANG_ANALYZER_NUMBER_OBJECT_CONVERSION = YES_AGGRESSIVE;
				CLANG_CXX_LANGUAGE_STANDARD = "gnu++20";
				CLANG_ENABLE_MODULES = YES;
				CLANG_ENABLE_OBJC_ARC = YES;
				CLANG_ENABLE_OBJC_WEAK = YES;
				CLANG_WARN_BLOCK_CAPTURE_AUTORELEASING = YES;
				CLANG_WARN_BOOL_CONVERSION = YES;
				CLANG_WARN_COMMA = YES;
				CLANG_WARN_CONSTANT_CONVERSION = YES;
				CLANG_WARN_DEPRECATED_OBJC_IMPLEMENTATIONS = YES;
				CLANG_WARN_DIRECT_OBJC_ISA_USAGE = YES_ERROR;
				CLANG_WARN_DOCUMENTATION_COMMENTS = YES;
				CLANG_WARN_EMPTY_BODY = YES;
				CLANG_WARN_ENUM_CONVERSION = YES;
				CLANG_WARN_INFINITE_RECURSION = YES;
				CLANG_WARN_INT_CONVERSION = YES;
				CLANG_WARN_NON_LITERAL_NULL_CONVERSION = YES;
				CLANG_WARN_OBJC_IMPLICIT_RETAIN_SELF = YES;
				CLANG_WARN_OBJC_LITERAL_CONVERSION = YES;
				CLANG_WARN_OBJC_ROOT_CLASS = YES_ERROR;
				CLANG_WARN_QUOTED_INCLUDE_IN_FRAMEWORK_HEADER = YES;
				CLANG_WARN_RANGE_LOOP_ANALYSIS = YES;
				CLANG_WARN_STRICT_PROTOTYPES = YES;
				CLANG_WARN_SUSPICIOUS_MOVE = YES;
				CLANG_WARN_UNGUARDED_AVAILABILITY = YES_AGGRESSIVE;
				CLANG_WARN_UNREACHABLE_CODE = YES;
				CLANG_WARN__DUPLICATE_METHOD_MATCH = YES;
				COPY_PHASE_STRIP = NO;
				DEBUG_INFORMATION_FORMAT = dwarf;
				ENABLE_STRICT_OBJC_MSGSEND = YES;
				ENABLE_TESTABILITY = YES;
				ENABLE_USER_SCRIPT_SANDBOXING = YES;
				GCC_C_LANGUAGE_STANDARD = gnu17;
				GCC_DYNAMIC_NO_PIC = NO;
				GCC_NO_COMMON_BLOCKS = YES;
				GCC_OPTIMIZATION_LEVEL = 0;
				GCC_PREPROCESSOR_DEFINITIONS = (
					"DEBUG=1",
					"$(inherited)",
				);
				GCC_WARN_64_TO_32_BIT_CONVERSION = YES;
				GCC_WARN_ABOUT_RETURN_TYPE = YES_ERROR;
				GCC_WARN_UNDECLARED_SELECTOR = YES;
				GCC_WARN_UNINITIALIZED_AUTOS = YES_AGGRESSIVE;
				GCC_WARN_UNUSED_FUNCTION = YES;
				GCC_WARN_UNUSED_VARIABLE = YES;
				IPHONEOS_DEPLOYMENT_TARGET = 18.0;
				LOCALIZATION_PREFERS_STRING_CATALOGS = YES;
				MTL_ENABLE_DEBUG_INFO = INCLUDE_SOURCE;
				MTL_FAST_MATH = YES;
				ONLY_ACTIVE_ARCH = YES;
				SDKROOT = iphoneos;
				SWIFT_ACTIVE_COMPILATION_CONDITIONS = "DEBUG $(inherited)";
				SWIFT_OPTIMIZATION_LEVEL = "-Onone";
			};
			name = Debug;
		};
		24731BFE2CA5A0E6009C494B /* Release */ = {
			isa = XCBuildConfiguration;
			buildSettings = {
				ALWAYS_SEARCH_USER_PATHS = NO;
				ASSETCATALOG_COMPILER_GENERATE_SWIFT_ASSET_SYMBOL_EXTENSIONS = YES;
				CLANG_ANALYZER_NONNULL = YES;
				CLANG_ANALYZER_NUMBER_OBJECT_CONVERSION = YES_AGGRESSIVE;
				CLANG_CXX_LANGUAGE_STANDARD = "gnu++20";
				CLANG_ENABLE_MODULES = YES;
				CLANG_ENABLE_OBJC_ARC = YES;
				CLANG_ENABLE_OBJC_WEAK = YES;
				CLANG_WARN_BLOCK_CAPTURE_AUTORELEASING = YES;
				CLANG_WARN_BOOL_CONVERSION = YES;
				CLANG_WARN_COMMA = YES;
				CLANG_WARN_CONSTANT_CONVERSION = YES;
				CLANG_WARN_DEPRECATED_OBJC_IMPLEMENTATIONS = YES;
				CLANG_WARN_DIRECT_OBJC_ISA_USAGE = YES_ERROR;
				CLANG_WARN_DOCUMENTATION_COMMENTS = YES;
				CLANG_WARN_EMPTY_BODY = YES;
				CLANG_WARN_ENUM_CONVERSION = YES;
				CLANG_WARN_INFINITE_RECURSION = YES;
				CLANG_WARN_INT_CONVERSION = YES;
				CLANG_WARN_NON_LITERAL_NULL_CONVERSION = YES;
				CLANG_WARN_OBJC_IMPLICIT_RETAIN_SELF = YES;
				CLANG_WARN_OBJC_LITERAL_CONVERSION = YES;
				CLANG_WARN_OBJC_ROOT_CLASS = YES_ERROR;
				CLANG_WARN_QUOTED_INCLUDE_IN_FRAMEWORK_HEADER = YES;
				CLANG_WARN_RANGE_LOOP_ANALYSIS = YES;
				CLANG_WARN_STRICT_PROTOTYPES = YES;
				CLANG_WARN_SUSPICIOUS_MOVE = YES;
				CLANG_WARN_UNGUARDED_AVAILABILITY = YES_AGGRESSIVE;
				CLANG_WARN_UNREACHABLE_CODE = YES;
				CLANG_WARN__DUPLICATE_METHOD_MATCH = YES;
				COPY_PHASE_STRIP = NO;
				DEBUG_INFORMATION_FORMAT = "dwarf-with-dsym";
				ENABLE_NS_ASSERTIONS = NO;
				ENABLE_STRICT_OBJC_MSGSEND = YES;
				ENABLE_USER_SCRIPT_SANDBOXING = YES;
				GCC_C_LANGUAGE_STANDARD = gnu17;
				GCC_NO_COMMON_BLOCKS = YES;
				GCC_WARN_64_TO_32_BIT_CONVERSION = YES;
				GCC_WARN_ABOUT_RETURN_TYPE = YES_ERROR;
				GCC_WARN_UNDECLARED_SELECTOR = YES;
				GCC_WARN_UNINITIALIZED_AUTOS = YES_AGGRESSIVE;
				GCC_WARN_UNUSED_FUNCTION = YES;
				GCC_WARN_UNUSED_VARIABLE = YES;
				IPHONEOS_DEPLOYMENT_TARGET = 18.0;
				LOCALIZATION_PREFERS_STRING_CATALOGS = YES;
				MTL_ENABLE_DEBUG_INFO = NO;
				MTL_FAST_MATH = YES;
				SDKROOT = iphoneos;
				SWIFT_COMPILATION_MODE = wholemodule;
				VALIDATE_PRODUCT = YES;
			};
			name = Release;
		};
		24731C002CA5A0E6009C494B /* Debug */ = {
			isa = XCBuildConfiguration;
			buildSettings = {
				BUNDLE_LOADER = "$(TEST_HOST)";
				CODE_SIGN_STYLE = Automatic;
				CURRENT_PROJECT_VERSION = 1;
				GENERATE_INFOPLIST_FILE = YES;
				IPHONEOS_DEPLOYMENT_TARGET = 18.0;
				MARKETING_VERSION = 1.0;
				PRODUCT_BUNDLE_IDENTIFIER = "home.first-lessonTests";
				PRODUCT_NAME = "$(TARGET_NAME)";
				SWIFT_EMIT_LOC_STRINGS = NO;
				SWIFT_VERSION = 5.0;
				TARGETED_DEVICE_FAMILY = "1,2";
				TEST_HOST = "$(BUILT_PRODUCTS_DIR)/first-lesson.app/$(BUNDLE_EXECUTABLE_FOLDER_PATH)/first-lesson";
			};
			name = Debug;
		};
		24731C012CA5A0E6009C494B /* Release */ = {
			isa = XCBuildConfiguration;
			buildSettings = {
				BUNDLE_LOADER = "$(TEST_HOST)";
				CODE_SIGN_STYLE = Automatic;
				CURRENT_PROJECT_VERSION = 1;
				GENERATE_INFOPLIST_FILE = YES;
				IPHONEOS_DEPLOYMENT_TARGET = 18.0;
				MARKETING_VERSION = 1.0;
				PRODUCT_BUNDLE_IDENTIFIER = "home.first-lessonTests";
				PRODUCT_NAME = "$(TARGET_NAME)";
				SWIFT_EMIT_LOC_STRINGS = NO;
				SWIFT_VERSION = 5.0;
				TARGETED_DEVICE_FAMILY = "1,2";
				TEST_HOST = "$(BUILT_PRODUCTS_DIR)/first-lesson.app/$(BUNDLE_EXECUTABLE_FOLDER_PATH)/first-lesson";
			};
			name = Release;
		};
		24731C032CA5A0E6009C494B /* Debug */ = {
			isa = XCBuildConfiguration;
			buildSettings = {
				CODE_SIGN_STYLE = Automatic;
				CURRENT_PROJECT_VERSION = 1;
				GENERATE_INFOPLIST_FILE = YES;
				MARKETING_VERSION = 1.0;
				PRODUCT_BUNDLE_IDENTIFIER = "home.first-lessonUITests";
				PRODUCT_NAME = "$(TARGET_NAME)";
				SWIFT_EMIT_LOC_STRINGS = NO;
				SWIFT_VERSION = 5.0;
				TARGETED_DEVICE_FAMILY = "1,2";
				TEST_TARGET_NAME = "first-lesson";
			};
			name = Debug;
		};
		24731C042CA5A0E6009C494B /* Release */ = {
			isa = XCBuildConfiguration;
			buildSettings = {
				CODE_SIGN_STYLE = Automatic;
				CURRENT_PROJECT_VERSION = 1;
				GENERATE_INFOPLIST_FILE = YES;
				MARKETING_VERSION = 1.0;
				PRODUCT_BUNDLE_IDENTIFIER = "home.first-lessonUITests";
				PRODUCT_NAME = "$(TARGET_NAME)";
				SWIFT_EMIT_LOC_STRINGS = NO;
				SWIFT_VERSION = 5.0;
				TARGETED_DEVICE_FAMILY = "1,2";
				TEST_TARGET_NAME = "first-lesson";
			};
			name = Release;
		};
/* End XCBuildConfiguration section */

/* Begin XCConfigurationList section */
		24731BCC2CA5A0E2009C494B /* Build configuration list for PBXProject "first-lesson" */ = {
			isa = XCConfigurationList;
			buildConfigurations = (
				24731BFD2CA5A0E6009C494B /* Debug */,
				24731BFE2CA5A0E6009C494B /* Release */,
			);
			defaultConfigurationIsVisible = 0;
			defaultConfigurationName = Release;
		};
		24731BFA2CA5A0E6009C494B /* Build configuration list for PBXNativeTarget "first-lesson" */ = {
			isa = XCConfigurationList;
			buildConfigurations = (
				24731BFB2CA5A0E6009C494B /* Debug */,
				24731BFC2CA5A0E6009C494B /* Release */,
			);
			defaultConfigurationIsVisible = 0;
			defaultConfigurationName = Release;
		};
		24731BFF2CA5A0E6009C494B /* Build configuration list for PBXNativeTarget "first-lessonTests" */ = {
			isa = XCConfigurationList;
			buildConfigurations = (
				24731C002CA5A0E6009C494B /* Debug */,
				24731C012CA5A0E6009C494B /* Release */,
			);
			defaultConfigurationIsVisible = 0;
			defaultConfigurationName = Release;
		};
		24731C022CA5A0E6009C494B /* Build configuration list for PBXNativeTarget "first-lessonUITests" */ = {
			isa = XCConfigurationList;
			buildConfigurations = (
				24731C032CA5A0E6009C494B /* Debug */,
				24731C042CA5A0E6009C494B /* Release */,
			);
			defaultConfigurationIsVisible = 0;
			defaultConfigurationName = Release;
		};
/* End XCConfigurationList section */
	};
	rootObject = 24731BC92CA5A0E2009C494B /* Project object */;
}
