// !$*UTF8*$!
{
	archiveVersion = 1;
	classes = {
	};
	objectVersion = 56;
	objects = {

/* Begin PBXBuildFile section */
		B37FE4CB2CE8BF3C0057BD49 /* SearchFieldView.swift in Sources */ = {isa = PBXBuildFile; fileRef = B37FE4CA2CE8BF3C0057BD49 /* SearchFieldView.swift */; };
		B37FE4CD2CE9F2630057BD49 /* CheckboxView.swift in Sources */ = {isa = PBXBuildFile; fileRef = B37FE4CC2CE9F2630057BD49 /* CheckboxView.swift */; };
		B3B5F36D2CE7E90900DA42E5 /* AppDelegate.swift in Sources */ = {isa = PBXBuildFile; fileRef = B3B5F36C2CE7E90900DA42E5 /* AppDelegate.swift */; };
		B3B5F36F2CE7E90900DA42E5 /* SceneDelegate.swift in Sources */ = {isa = PBXBuildFile; fileRef = B3B5F36E2CE7E90900DA42E5 /* SceneDelegate.swift */; };
		B3B5F3742CE7E90900DA42E5 /* Base in Resources */ = {isa = PBXBuildFile; fileRef = B3B5F3732CE7E90900DA42E5 /* Base */; };
		B3B5F3762CE7E90B00DA42E5 /* Assets.xcassets in Resources */ = {isa = PBXBuildFile; fileRef = B3B5F3752CE7E90B00DA42E5 /* Assets.xcassets */; };
		B3B5F3792CE7E90B00DA42E5 /* Base in Resources */ = {isa = PBXBuildFile; fileRef = B3B5F3782CE7E90B00DA42E5 /* Base */; };
		B3B5F3812CE7E98600DA42E5 /* NewsListViewController.swift in Sources */ = {isa = PBXBuildFile; fileRef = B3B5F3802CE7E98600DA42E5 /* NewsListViewController.swift */; };
		B3B5F3832CE7E9FC00DA42E5 /* TableViewModel.swift in Sources */ = {isa = PBXBuildFile; fileRef = B3B5F3822CE7E9FC00DA42E5 /* TableViewModel.swift */; };
		B3B5F3872CE7EA2B00DA42E5 /* NewsViewController.swift in Sources */ = {isa = PBXBuildFile; fileRef = B3B5F3862CE7EA2B00DA42E5 /* NewsViewController.swift */; };
		B3B5F3892CE7ED8D00DA42E5 /* NewsListViewModel.swift in Sources */ = {isa = PBXBuildFile; fileRef = B3B5F3882CE7ED8D00DA42E5 /* NewsListViewModel.swift */; };
		B3B5F38E2CE7EDB400DA42E5 /* Response.swift in Sources */ = {isa = PBXBuildFile; fileRef = B3B5F38D2CE7EDB400DA42E5 /* Response.swift */; };
		B3B5F3912CE7F20000DA42E5 /* NewsTableViewCell.swift in Sources */ = {isa = PBXBuildFile; fileRef = B3B5F3902CE7F20000DA42E5 /* NewsTableViewCell.swift */; };
		B3B5F3932CE7F77400DA42E5 /* APIServiceProtocol.swift in Sources */ = {isa = PBXBuildFile; fileRef = B3B5F3922CE7F77400DA42E5 /* APIServiceProtocol.swift */; };
		B3B5F3962CE7F7C600DA42E5 /* APIService.swift in Sources */ = {isa = PBXBuildFile; fileRef = B3B5F3952CE7F7C600DA42E5 /* APIService.swift */; };
		B3B5F3982CE8041C00DA42E5 /* SearchFieldTableViewCell.swift in Sources */ = {isa = PBXBuildFile; fileRef = B3B5F3972CE8041C00DA42E5 /* SearchFieldTableViewCell.swift */; };
/* End PBXBuildFile section */

/* Begin PBXFileReference section */
		B37FE4CA2CE8BF3C0057BD49 /* SearchFieldView.swift */ = {isa = PBXFileReference; lastKnownFileType = sourcecode.swift; path = SearchFieldView.swift; sourceTree = "<group>"; };
		B37FE4CC2CE9F2630057BD49 /* CheckboxView.swift */ = {isa = PBXFileReference; lastKnownFileType = sourcecode.swift; path = CheckboxView.swift; sourceTree = "<group>"; };
		B3B5F3692CE7E90900DA42E5 /* News.app */ = {isa = PBXFileReference; explicitFileType = wrapper.application; includeInIndex = 0; path = News.app; sourceTree = BUILT_PRODUCTS_DIR; };
		B3B5F36C2CE7E90900DA42E5 /* AppDelegate.swift */ = {isa = PBXFileReference; lastKnownFileType = sourcecode.swift; path = AppDelegate.swift; sourceTree = "<group>"; };
		B3B5F36E2CE7E90900DA42E5 /* SceneDelegate.swift */ = {isa = PBXFileReference; lastKnownFileType = sourcecode.swift; path = SceneDelegate.swift; sourceTree = "<group>"; };
		B3B5F3732CE7E90900DA42E5 /* Base */ = {isa = PBXFileReference; lastKnownFileType = file.storyboard; name = Base; path = Base.lproj/Main.storyboard; sourceTree = "<group>"; };
		B3B5F3752CE7E90B00DA42E5 /* Assets.xcassets */ = {isa = PBXFileReference; lastKnownFileType = folder.assetcatalog; path = Assets.xcassets; sourceTree = "<group>"; };
		B3B5F3782CE7E90B00DA42E5 /* Base */ = {isa = PBXFileReference; lastKnownFileType = file.storyboard; name = Base; path = Base.lproj/LaunchScreen.storyboard; sourceTree = "<group>"; };
		B3B5F37A2CE7E90B00DA42E5 /* Info.plist */ = {isa = PBXFileReference; lastKnownFileType = text.plist.xml; path = Info.plist; sourceTree = "<group>"; };
		B3B5F3802CE7E98600DA42E5 /* NewsListViewController.swift */ = {isa = PBXFileReference; lastKnownFileType = sourcecode.swift; path = NewsListViewController.swift; sourceTree = "<group>"; };
		B3B5F3822CE7E9FC00DA42E5 /* TableViewModel.swift */ = {isa = PBXFileReference; lastKnownFileType = sourcecode.swift; path = TableViewModel.swift; sourceTree = "<group>"; };
		B3B5F3862CE7EA2B00DA42E5 /* NewsViewController.swift */ = {isa = PBXFileReference; lastKnownFileType = sourcecode.swift; path = NewsViewController.swift; sourceTree = "<group>"; };
		B3B5F3882CE7ED8D00DA42E5 /* NewsListViewModel.swift */ = {isa = PBXFileReference; lastKnownFileType = sourcecode.swift; path = NewsListViewModel.swift; sourceTree = "<group>"; };
		B3B5F38D2CE7EDB400DA42E5 /* Response.swift */ = {isa = PBXFileReference; lastKnownFileType = sourcecode.swift; path = Response.swift; sourceTree = "<group>"; };
		B3B5F3902CE7F20000DA42E5 /* NewsTableViewCell.swift */ = {isa = PBXFileReference; lastKnownFileType = sourcecode.swift; path = NewsTableViewCell.swift; sourceTree = "<group>"; };
		B3B5F3922CE7F77400DA42E5 /* APIServiceProtocol.swift */ = {isa = PBXFileReference; lastKnownFileType = sourcecode.swift; path = APIServiceProtocol.swift; sourceTree = "<group>"; };
		B3B5F3952CE7F7C600DA42E5 /* APIService.swift */ = {isa = PBXFileReference; lastKnownFileType = sourcecode.swift; path = APIService.swift; sourceTree = "<group>"; };
		B3B5F3972CE8041C00DA42E5 /* SearchFieldTableViewCell.swift */ = {isa = PBXFileReference; lastKnownFileType = sourcecode.swift; path = SearchFieldTableViewCell.swift; sourceTree = "<group>"; };
/* End PBXFileReference section */

/* Begin PBXFrameworksBuildPhase section */
		B3B5F3662CE7E90900DA42E5 /* Frameworks */ = {
			isa = PBXFrameworksBuildPhase;
			buildActionMask = 2147483647;
			files = (
			);
			runOnlyForDeploymentPostprocessing = 0;
		};
/* End PBXFrameworksBuildPhase section */

/* Begin PBXGroup section */
		B3B5F3602CE7E90900DA42E5 = {
			isa = PBXGroup;
			children = (
				B3B5F36B2CE7E90900DA42E5 /* News */,
				B3B5F36A2CE7E90900DA42E5 /* Products */,
			);
			sourceTree = "<group>";
		};
		B3B5F36A2CE7E90900DA42E5 /* Products */ = {
			isa = PBXGroup;
			children = (
				B3B5F3692CE7E90900DA42E5 /* News.app */,
			);
			name = Products;
			sourceTree = "<group>";
		};
		B3B5F36B2CE7E90900DA42E5 /* News */ = {
			isa = PBXGroup;
			children = (
				B3B5F3942CE7F7AA00DA42E5 /* Services */,
				B3B5F38F2CE7F1EA00DA42E5 /* Views */,
				B3B5F38C2CE7EDAA00DA42E5 /* Models */,
				B3B5F3852CE7EA1100DA42E5 /* ViewControllers */,
				B3B5F3842CE7EA0200DA42E5 /* ViewModels */,
				B3B5F36C2CE7E90900DA42E5 /* AppDelegate.swift */,
				B3B5F36E2CE7E90900DA42E5 /* SceneDelegate.swift */,
				B3B5F3722CE7E90900DA42E5 /* Main.storyboard */,
				B3B5F3752CE7E90B00DA42E5 /* Assets.xcassets */,
				B3B5F3772CE7E90B00DA42E5 /* LaunchScreen.storyboard */,
				B3B5F37A2CE7E90B00DA42E5 /* Info.plist */,
			);
			path = News;
			sourceTree = "<group>";
		};
		B3B5F3842CE7EA0200DA42E5 /* ViewModels */ = {
			isa = PBXGroup;
			children = (
				B3B5F3822CE7E9FC00DA42E5 /* TableViewModel.swift */,
				B3B5F3882CE7ED8D00DA42E5 /* NewsListViewModel.swift */,
			);
			path = ViewModels;
			sourceTree = "<group>";
		};
		B3B5F3852CE7EA1100DA42E5 /* ViewControllers */ = {
			isa = PBXGroup;
			children = (
				B3B5F3802CE7E98600DA42E5 /* NewsListViewController.swift */,
				B3B5F3862CE7EA2B00DA42E5 /* NewsViewController.swift */,
			);
			path = ViewControllers;
			sourceTree = "<group>";
		};
		B3B5F38C2CE7EDAA00DA42E5 /* Models */ = {
			isa = PBXGroup;
			children = (
				B3B5F38D2CE7EDB400DA42E5 /* Response.swift */,
			);
			path = Models;
			sourceTree = "<group>";
		};
		B3B5F38F2CE7F1EA00DA42E5 /* Views */ = {
			isa = PBXGroup;
			children = (
				B3B5F3902CE7F20000DA42E5 /* NewsTableViewCell.swift */,
				B3B5F3972CE8041C00DA42E5 /* SearchFieldTableViewCell.swift */,
				B37FE4CA2CE8BF3C0057BD49 /* SearchFieldView.swift */,
				B37FE4CC2CE9F2630057BD49 /* CheckboxView.swift */,
			);
			path = Views;
			sourceTree = "<group>";
		};
		B3B5F3942CE7F7AA00DA42E5 /* Services */ = {
			isa = PBXGroup;
			children = (
				B3B5F3922CE7F77400DA42E5 /* APIServiceProtocol.swift */,
				B3B5F3952CE7F7C600DA42E5 /* APIService.swift */,
			);
			path = Services;
			sourceTree = "<group>";
		};
/* End PBXGroup section */

/* Begin PBXNativeTarget section */
		B3B5F3682CE7E90900DA42E5 /* News */ = {
			isa = PBXNativeTarget;
			buildConfigurationList = B3B5F37D2CE7E90B00DA42E5 /* Build configuration list for PBXNativeTarget "News" */;
			buildPhases = (
				B3B5F3652CE7E90900DA42E5 /* Sources */,
				B3B5F3662CE7E90900DA42E5 /* Frameworks */,
				B3B5F3672CE7E90900DA42E5 /* Resources */,
			);
			buildRules = (
			);
			dependencies = (
			);
			name = News;
			productName = News;
			productReference = B3B5F3692CE7E90900DA42E5 /* News.app */;
			productType = "com.apple.product-type.application";
		};
/* End PBXNativeTarget section */

/* Begin PBXProject section */
		B3B5F3612CE7E90900DA42E5 /* Project object */ = {
			isa = PBXProject;
			attributes = {
				BuildIndependentTargetsInParallel = 1;
				LastSwiftUpdateCheck = 1530;
				LastUpgradeCheck = 1530;
				TargetAttributes = {
					B3B5F3682CE7E90900DA42E5 = {
						CreatedOnToolsVersion = 15.3;
					};
				};
			};
			buildConfigurationList = B3B5F3642CE7E90900DA42E5 /* Build configuration list for PBXProject "News" */;
			compatibilityVersion = "Xcode 14.0";
			developmentRegion = en;
			hasScannedForEncodings = 0;
			knownRegions = (
				en,
				Base,
			);
			mainGroup = B3B5F3602CE7E90900DA42E5;
			productRefGroup = B3B5F36A2CE7E90900DA42E5 /* Products */;
			projectDirPath = "";
			projectRoot = "";
			targets = (
				B3B5F3682CE7E90900DA42E5 /* News */,
			);
		};
/* End PBXProject section */

/* Begin PBXResourcesBuildPhase section */
		B3B5F3672CE7E90900DA42E5 /* Resources */ = {
			isa = PBXResourcesBuildPhase;
			buildActionMask = 2147483647;
			files = (
				B3B5F3762CE7E90B00DA42E5 /* Assets.xcassets in Resources */,
				B3B5F3792CE7E90B00DA42E5 /* Base in Resources */,
				B3B5F3742CE7E90900DA42E5 /* Base in Resources */,
			);
			runOnlyForDeploymentPostprocessing = 0;
		};
/* End PBXResourcesBuildPhase section */

/* Begin PBXSourcesBuildPhase section */
		B3B5F3652CE7E90900DA42E5 /* Sources */ = {
			isa = PBXSourcesBuildPhase;
			buildActionMask = 2147483647;
			files = (
				B3B5F3892CE7ED8D00DA42E5 /* NewsListViewModel.swift in Sources */,
				B3B5F3912CE7F20000DA42E5 /* NewsTableViewCell.swift in Sources */,
				B3B5F3832CE7E9FC00DA42E5 /* TableViewModel.swift in Sources */,
				B3B5F38E2CE7EDB400DA42E5 /* Response.swift in Sources */,
				B37FE4CB2CE8BF3C0057BD49 /* SearchFieldView.swift in Sources */,
				B3B5F36D2CE7E90900DA42E5 /* AppDelegate.swift in Sources */,
				B37FE4CD2CE9F2630057BD49 /* CheckboxView.swift in Sources */,
				B3B5F3872CE7EA2B00DA42E5 /* NewsViewController.swift in Sources */,
				B3B5F3932CE7F77400DA42E5 /* APIServiceProtocol.swift in Sources */,
				B3B5F36F2CE7E90900DA42E5 /* SceneDelegate.swift in Sources */,
				B3B5F3812CE7E98600DA42E5 /* NewsListViewController.swift in Sources */,
				B3B5F3962CE7F7C600DA42E5 /* APIService.swift in Sources */,
				B3B5F3982CE8041C00DA42E5 /* SearchFieldTableViewCell.swift in Sources */,
			);
			runOnlyForDeploymentPostprocessing = 0;
		};
/* End PBXSourcesBuildPhase section */

/* Begin PBXVariantGroup section */
		B3B5F3722CE7E90900DA42E5 /* Main.storyboard */ = {
			isa = PBXVariantGroup;
			children = (
				B3B5F3732CE7E90900DA42E5 /* Base */,
			);
			name = Main.storyboard;
			sourceTree = "<group>";
		};
		B3B5F3772CE7E90B00DA42E5 /* LaunchScreen.storyboard */ = {
			isa = PBXVariantGroup;
			children = (
				B3B5F3782CE7E90B00DA42E5 /* Base */,
			);
			name = LaunchScreen.storyboard;
			sourceTree = "<group>";
		};
/* End PBXVariantGroup section */

/* Begin XCBuildConfiguration section */
		B3B5F37B2CE7E90B00DA42E5 /* Debug */ = {
			isa = XCBuildConfiguration;
			buildSettings = {
				ALWAYS_SEARCH_USER_PATHS = NO;
				ASSETCATALOG_COMPILER_GENERATE_SWIFT_ASSET_SYMBOL_EXTENSIONS = YES;
				CLANG_ANALYZER_NONNULL = YES;
				CLANG_ANALYZER_NUMBER_OBJECT_CONVERSION = YES_AGGRESSIVE;
				CLANG_CXX_LANGUAGE_STANDARD = "gnu++20";
				CLANG_ENABLE_MODULES = YES;
				CLANG_ENABLE_OBJC_ARC = YES;
				CLANG_ENABLE_OBJC_WEAK = YES;
				CLANG_WARN_BLOCK_CAPTURE_AUTORELEASING = YES;
				CLANG_WARN_BOOL_CONVERSION = YES;
				CLANG_WARN_COMMA = YES;
				CLANG_WARN_CONSTANT_CONVERSION = YES;
				CLANG_WARN_DEPRECATED_OBJC_IMPLEMENTATIONS = YES;
				CLANG_WARN_DIRECT_OBJC_ISA_USAGE = YES_ERROR;
				CLANG_WARN_DOCUMENTATION_COMMENTS = YES;
				CLANG_WARN_EMPTY_BODY = YES;
				CLANG_WARN_ENUM_CONVERSION = YES;
				CLANG_WARN_INFINITE_RECURSION = YES;
				CLANG_WARN_INT_CONVERSION = YES;
				CLANG_WARN_NON_LITERAL_NULL_CONVERSION = YES;
				CLANG_WARN_OBJC_IMPLICIT_RETAIN_SELF = YES;
				CLANG_WARN_OBJC_LITERAL_CONVERSION = YES;
				CLANG_WARN_OBJC_ROOT_CLASS = YES_ERROR;
				CLANG_WARN_QUOTED_INCLUDE_IN_FRAMEWORK_HEADER = YES;
				CLANG_WARN_RANGE_LOOP_ANALYSIS = YES;
				CLANG_WARN_STRICT_PROTOTYPES = YES;
				CLANG_WARN_SUSPICIOUS_MOVE = YES;
				CLANG_WARN_UNGUARDED_AVAILABILITY = YES_AGGRESSIVE;
				CLANG_WARN_UNREACHABLE_CODE = YES;
				CLANG_WARN__DUPLICATE_METHOD_MATCH = YES;
				COPY_PHASE_STRIP = NO;
				DEBUG_INFORMATION_FORMAT = dwarf;
				ENABLE_STRICT_OBJC_MSGSEND = YES;
				ENABLE_TESTABILITY = YES;
				ENABLE_USER_SCRIPT_SANDBOXING = YES;
				GCC_C_LANGUAGE_STANDARD = gnu17;
				GCC_DYNAMIC_NO_PIC = NO;
				GCC_NO_COMMON_BLOCKS = YES;
				GCC_OPTIMIZATION_LEVEL = 0;
				GCC_PREPROCESSOR_DEFINITIONS = (
					"DEBUG=1",
					"$(inherited)",
				);
				GCC_WARN_64_TO_32_BIT_CONVERSION = YES;
				GCC_WARN_ABOUT_RETURN_TYPE = YES_ERROR;
				GCC_WARN_UNDECLARED_SELECTOR = YES;
				GCC_WARN_UNINITIALIZED_AUTOS = YES_AGGRESSIVE;
				GCC_WARN_UNUSED_FUNCTION = YES;
				GCC_WARN_UNUSED_VARIABLE = YES;
				IPHONEOS_DEPLOYMENT_TARGET = 17.4;
				LOCALIZATION_PREFERS_STRING_CATALOGS = YES;
				MTL_ENABLE_DEBUG_INFO = INCLUDE_SOURCE;
				MTL_FAST_MATH = YES;
				ONLY_ACTIVE_ARCH = YES;
				SDKROOT = iphoneos;
				SWIFT_ACTIVE_COMPILATION_CONDITIONS = "DEBUG $(inherited)";
				SWIFT_OPTIMIZATION_LEVEL = "-Onone";
			};
			name = Debug;
		};
		B3B5F37C2CE7E90B00DA42E5 /* Release */ = {
			isa = XCBuildConfiguration;
			buildSettings = {
				ALWAYS_SEARCH_USER_PATHS = NO;
				ASSETCATALOG_COMPILER_GENERATE_SWIFT_ASSET_SYMBOL_EXTENSIONS = YES;
				CLANG_ANALYZER_NONNULL = YES;
				CLANG_ANALYZER_NUMBER_OBJECT_CONVERSION = YES_AGGRESSIVE;
				CLANG_CXX_LANGUAGE_STANDARD = "gnu++20";
				CLANG_ENABLE_MODULES = YES;
				CLANG_ENABLE_OBJC_ARC = YES;
				CLANG_ENABLE_OBJC_WEAK = YES;
				CLANG_WARN_BLOCK_CAPTURE_AUTORELEASING = YES;
				CLANG_WARN_BOOL_CONVERSION = YES;
				CLANG_WARN_COMMA = YES;
				CLANG_WARN_CONSTANT_CONVERSION = YES;
				CLANG_WARN_DEPRECATED_OBJC_IMPLEMENTATIONS = YES;
				CLANG_WARN_DIRECT_OBJC_ISA_USAGE = YES_ERROR;
				CLANG_WARN_DOCUMENTATION_COMMENTS = YES;
				CLANG_WARN_EMPTY_BODY = YES;
				CLANG_WARN_ENUM_CONVERSION = YES;
				CLANG_WARN_INFINITE_RECURSION = YES;
				CLANG_WARN_INT_CONVERSION = YES;
				CLANG_WARN_NON_LITERAL_NULL_CONVERSION = YES;
				CLANG_WARN_OBJC_IMPLICIT_RETAIN_SELF = YES;
				CLANG_WARN_OBJC_LITERAL_CONVERSION = YES;
				CLANG_WARN_OBJC_ROOT_CLASS = YES_ERROR;
				CLANG_WARN_QUOTED_INCLUDE_IN_FRAMEWORK_HEADER = YES;
				CLANG_WARN_RANGE_LOOP_ANALYSIS = YES;
				CLANG_WARN_STRICT_PROTOTYPES = YES;
				CLANG_WARN_SUSPICIOUS_MOVE = YES;
				CLANG_WARN_UNGUARDED_AVAILABILITY = YES_AGGRESSIVE;
				CLANG_WARN_UNREACHABLE_CODE = YES;
				CLANG_WARN__DUPLICATE_METHOD_MATCH = YES;
				COPY_PHASE_STRIP = NO;
				DEBUG_INFORMATION_FORMAT = "dwarf-with-dsym";
				ENABLE_NS_ASSERTIONS = NO;
				ENABLE_STRICT_OBJC_MSGSEND = YES;
				ENABLE_USER_SCRIPT_SANDBOXING = YES;
				GCC_C_LANGUAGE_STANDARD = gnu17;
				GCC_NO_COMMON_BLOCKS = YES;
				GCC_WARN_64_TO_32_BIT_CONVERSION = YES;
				GCC_WARN_ABOUT_RETURN_TYPE = YES_ERROR;
				GCC_WARN_UNDECLARED_SELECTOR = YES;
				GCC_WARN_UNINITIALIZED_AUTOS = YES_AGGRESSIVE;
				GCC_WARN_UNUSED_FUNCTION = YES;
				GCC_WARN_UNUSED_VARIABLE = YES;
				IPHONEOS_DEPLOYMENT_TARGET = 17.4;
				LOCALIZATION_PREFERS_STRING_CATALOGS = YES;
				MTL_ENABLE_DEBUG_INFO = NO;
				MTL_FAST_MATH = YES;
				SDKROOT = iphoneos;
				SWIFT_COMPILATION_MODE = wholemodule;
				VALIDATE_PRODUCT = YES;
			};
			name = Release;
		};
		B3B5F37E2CE7E90B00DA42E5 /* Debug */ = {
			isa = XCBuildConfiguration;
			buildSettings = {
				ASSETCATALOG_COMPILER_APPICON_NAME = AppIcon;
				ASSETCATALOG_COMPILER_GLOBAL_ACCENT_COLOR_NAME = AccentColor;
				CODE_SIGN_STYLE = Automatic;
				CURRENT_PROJECT_VERSION = 1;
				DEVELOPMENT_TEAM = W36YR753B9;
				GENERATE_INFOPLIST_FILE = YES;
				INFOPLIST_FILE = News/Info.plist;
				INFOPLIST_KEY_UIApplicationSupportsIndirectInputEvents = YES;
				INFOPLIST_KEY_UILaunchStoryboardName = LaunchScreen;
				INFOPLIST_KEY_UIMainStoryboardFile = Main;
				INFOPLIST_KEY_UISupportedInterfaceOrientations_iPad = "UIInterfaceOrientationPortrait UIInterfaceOrientationPortraitUpsideDown UIInterfaceOrientationLandscapeLeft UIInterfaceOrientationLandscapeRight";
				INFOPLIST_KEY_UISupportedInterfaceOrientations_iPhone = "UIInterfaceOrientationPortrait UIInterfaceOrientationLandscapeLeft UIInterfaceOrientationLandscapeRight";
				IPHONEOS_DEPLOYMENT_TARGET = 16.3;
				LD_RUNPATH_SEARCH_PATHS = (
					"$(inherited)",
					"@executable_path/Frameworks",
				);
				MARKETING_VERSION = 1.0;
				PRODUCT_BUNDLE_IDENTIFIER = "-.LEOVBOXNews";
				PRODUCT_NAME = "$(TARGET_NAME)";
				SWIFT_EMIT_LOC_STRINGS = YES;
				SWIFT_VERSION = 5.0;
				TARGETED_DEVICE_FAMILY = "1,2";
			};
			name = Debug;
		};
		B3B5F37F2CE7E90B00DA42E5 /* Release */ = {
			isa = XCBuildConfiguration;
			buildSettings = {
				ASSETCATALOG_COMPILER_APPICON_NAME = AppIcon;
				ASSETCATALOG_COMPILER_GLOBAL_ACCENT_COLOR_NAME = AccentColor;
				CODE_SIGN_STYLE = Automatic;
				CURRENT_PROJECT_VERSION = 1;
				DEVELOPMENT_TEAM = W36YR753B9;
				GENERATE_INFOPLIST_FILE = YES;
				INFOPLIST_FILE = News/Info.plist;
				INFOPLIST_KEY_UIApplicationSupportsIndirectInputEvents = YES;
				INFOPLIST_KEY_UILaunchStoryboardName = LaunchScreen;
				INFOPLIST_KEY_UIMainStoryboardFile = Main;
				INFOPLIST_KEY_UISupportedInterfaceOrientations_iPad = "UIInterfaceOrientationPortrait UIInterfaceOrientationPortraitUpsideDown UIInterfaceOrientationLandscapeLeft UIInterfaceOrientationLandscapeRight";
				INFOPLIST_KEY_UISupportedInterfaceOrientations_iPhone = "UIInterfaceOrientationPortrait UIInterfaceOrientationLandscapeLeft UIInterfaceOrientationLandscapeRight";
				IPHONEOS_DEPLOYMENT_TARGET = 16.3;
				LD_RUNPATH_SEARCH_PATHS = (
					"$(inherited)",
					"@executable_path/Frameworks",
				);
				MARKETING_VERSION = 1.0;
				PRODUCT_BUNDLE_IDENTIFIER = "-.LEOVBOXNews";
				PRODUCT_NAME = "$(TARGET_NAME)";
				SWIFT_EMIT_LOC_STRINGS = YES;
				SWIFT_VERSION = 5.0;
				TARGETED_DEVICE_FAMILY = "1,2";
			};
			name = Release;
		};
/* End XCBuildConfiguration section */

/* Begin XCConfigurationList section */
		B3B5F3642CE7E90900DA42E5 /* Build configuration list for PBXProject "News" */ = {
			isa = XCConfigurationList;
			buildConfigurations = (
				B3B5F37B2CE7E90B00DA42E5 /* Debug */,
				B3B5F37C2CE7E90B00DA42E5 /* Release */,
			);
			defaultConfigurationIsVisible = 0;
			defaultConfigurationName = Release;
		};
		B3B5F37D2CE7E90B00DA42E5 /* Build configuration list for PBXNativeTarget "News" */ = {
			isa = XCConfigurationList;
			buildConfigurations = (
				B3B5F37E2CE7E90B00DA42E5 /* Debug */,
				B3B5F37F2CE7E90B00DA42E5 /* Release */,
			);
			defaultConfigurationIsVisible = 0;
			defaultConfigurationName = Release;
		};
/* End XCConfigurationList section */
	};
	rootObject = B3B5F3612CE7E90900DA42E5 /* Project object */;
}
